// !$*UTF8*$!
{
	archiveVersion = 1;
	classes = {
	};
	objectVersion = 46;
	objects = {

/* Begin PBXBuildFile section */
		8E52CFEA190C017600E72AEE /* Cocoa.framework in Frameworks */ = {isa = PBXBuildFile; fileRef = 8E52CFE9190C017600E72AEE /* Cocoa.framework */; };
		8E52CFF4190C017600E72AEE /* InfoPlist.strings in Resources */ = {isa = PBXBuildFile; fileRef = 8E52CFF2190C017600E72AEE /* InfoPlist.strings */; };
		8E52CFF6190C017600E72AEE /* main.m in Sources */ = {isa = PBXBuildFile; fileRef = 8E52CFF5190C017600E72AEE /* main.m */; };
		8E52CFFA190C017600E72AEE /* Credits.rtf in Resources */ = {isa = PBXBuildFile; fileRef = 8E52CFF8190C017600E72AEE /* Credits.rtf */; };
		8E52CFFD190C017600E72AEE /* CCSAppDelegate.m in Sources */ = {isa = PBXBuildFile; fileRef = 8E52CFFC190C017600E72AEE /* CCSAppDelegate.m */; };
		8E52D000190C017600E72AEE /* MainMenu.xib in Resources */ = {isa = PBXBuildFile; fileRef = 8E52CFFE190C017600E72AEE /* MainMenu.xib */; };
		8E52D002190C017600E72AEE /* Images.xcassets in Resources */ = {isa = PBXBuildFile; fileRef = 8E52D001190C017600E72AEE /* Images.xcassets */; };
		8E52D009190C017600E72AEE /* XCTest.framework in Frameworks */ = {isa = PBXBuildFile; fileRef = 8E52D008190C017600E72AEE /* XCTest.framework */; };
		8E52D00A190C017600E72AEE /* Cocoa.framework in Frameworks */ = {isa = PBXBuildFile; fileRef = 8E52CFE9190C017600E72AEE /* Cocoa.framework */; };
		8E52D012190C017600E72AEE /* InfoPlist.strings in Resources */ = {isa = PBXBuildFile; fileRef = 8E52D010190C017600E72AEE /* InfoPlist.strings */; };
		8E52D014190C017600E72AEE /* Camera_Capture_SampleTests.m in Sources */ = {isa = PBXBuildFile; fileRef = 8E52D013190C017600E72AEE /* Camera_Capture_SampleTests.m */; };
		8E52D01E190C023600E72AEE /* AVFoundation.framework in Frameworks */ = {isa = PBXBuildFile; fileRef = 8E52D01D190C023600E72AEE /* AVFoundation.framework */; };
		8E52D020190C027A00E72AEE /* QuartzCore.framework in Frameworks */ = {isa = PBXBuildFile; fileRef = 8E52D01F190C027A00E72AEE /* QuartzCore.framework */; };
/* End PBXBuildFile section */

/* Begin PBXContainerItemProxy section */
		8E52D00B190C017600E72AEE /* PBXContainerItemProxy */ = {
			isa = PBXContainerItemProxy;
			containerPortal = 8E52CFDE190C017600E72AEE /* Project object */;
			proxyType = 1;
			remoteGlobalIDString = 8E52CFE5190C017600E72AEE;
			remoteInfo = "Camera Capture Sample";
		};
/* End PBXContainerItemProxy section */

/* Begin PBXFileReference section */
		8E52CFE6190C017600E72AEE /* Camera Capture Sample.app */ = {isa = PBXFileReference; explicitFileType = wrapper.application; includeInIndex = 0; path = "Camera Capture Sample.app"; sourceTree = BUILT_PRODUCTS_DIR; };
		8E52CFE9190C017600E72AEE /* Cocoa.framework */ = {isa = PBXFileReference; lastKnownFileType = wrapper.framework; name = Cocoa.framework; path = System/Library/Frameworks/Cocoa.framework; sourceTree = SDKROOT; };
		8E52CFEC190C017600E72AEE /* AppKit.framework */ = {isa = PBXFileReference; lastKnownFileType = wrapper.framework; name = AppKit.framework; path = System/Library/Frameworks/AppKit.framework; sourceTree = SDKROOT; };
		8E52CFED190C017600E72AEE /* CoreData.framework */ = {isa = PBXFileReference; lastKnownFileType = wrapper.framework; name = CoreData.framework; path = System/Library/Frameworks/CoreData.framework; sourceTree = SDKROOT; };
		8E52CFEE190C017600E72AEE /* Foundation.framework */ = {isa = PBXFileReference; lastKnownFileType = wrapper.framework; name = Foundation.framework; path = System/Library/Frameworks/Foundation.framework; sourceTree = SDKROOT; };
		8E52CFF1190C017600E72AEE /* Camera Capture Sample-Info.plist */ = {isa = PBXFileReference; lastKnownFileType = text.plist.xml; path = "Camera Capture Sample-Info.plist"; sourceTree = "<group>"; };
		8E52CFF3190C017600E72AEE /* en */ = {isa = PBXFileReference; lastKnownFileType = text.plist.strings; name = en; path = en.lproj/InfoPlist.strings; sourceTree = "<group>"; };
		8E52CFF5190C017600E72AEE /* main.m */ = {isa = PBXFileReference; lastKnownFileType = sourcecode.c.objc; path = main.m; sourceTree = "<group>"; };
		8E52CFF7190C017600E72AEE /* Camera Capture Sample-Prefix.pch */ = {isa = PBXFileReference; lastKnownFileType = sourcecode.c.h; path = "Camera Capture Sample-Prefix.pch"; sourceTree = "<group>"; };
		8E52CFF9190C017600E72AEE /* en */ = {isa = PBXFileReference; lastKnownFileType = text.rtf; name = en; path = en.lproj/Credits.rtf; sourceTree = "<group>"; };
		8E52CFFB190C017600E72AEE /* CCSAppDelegate.h */ = {isa = PBXFileReference; lastKnownFileType = sourcecode.c.h; path = CCSAppDelegate.h; sourceTree = "<group>"; };
		8E52CFFC190C017600E72AEE /* CCSAppDelegate.m */ = {isa = PBXFileReference; lastKnownFileType = sourcecode.c.objc; path = CCSAppDelegate.m; sourceTree = "<group>"; };
		8E52CFFF190C017600E72AEE /* Base */ = {isa = PBXFileReference; lastKnownFileType = file.xib; name = Base; path = Base.lproj/MainMenu.xib; sourceTree = "<group>"; };
		8E52D001190C017600E72AEE /* Images.xcassets */ = {isa = PBXFileReference; lastKnownFileType = folder.assetcatalog; path = Images.xcassets; sourceTree = "<group>"; };
		8E52D007190C017600E72AEE /* Camera Capture SampleTests.xctest */ = {isa = PBXFileReference; explicitFileType = wrapper.cfbundle; includeInIndex = 0; path = "Camera Capture SampleTests.xctest"; sourceTree = BUILT_PRODUCTS_DIR; };
		8E52D008190C017600E72AEE /* XCTest.framework */ = {isa = PBXFileReference; lastKnownFileType = wrapper.framework; name = XCTest.framework; path = Library/Frameworks/XCTest.framework; sourceTree = DEVELOPER_DIR; };
		8E52D00F190C017600E72AEE /* Camera Capture SampleTests-Info.plist */ = {isa = PBXFileReference; lastKnownFileType = text.plist.xml; path = "Camera Capture SampleTests-Info.plist"; sourceTree = "<group>"; };
		8E52D011190C017600E72AEE /* en */ = {isa = PBXFileReference; lastKnownFileType = text.plist.strings; name = en; path = en.lproj/InfoPlist.strings; sourceTree = "<group>"; };
		8E52D013190C017600E72AEE /* Camera_Capture_SampleTests.m */ = {isa = PBXFileReference; lastKnownFileType = sourcecode.c.objc; path = Camera_Capture_SampleTests.m; sourceTree = "<group>"; };
		8E52D01D190C023600E72AEE /* AVFoundation.framework */ = {isa = PBXFileReference; lastKnownFileType = wrapper.framework; name = AVFoundation.framework; path = System/Library/Frameworks/AVFoundation.framework; sourceTree = SDKROOT; };
		8E52D01F190C027A00E72AEE /* QuartzCore.framework */ = {isa = PBXFileReference; lastKnownFileType = wrapper.framework; name = QuartzCore.framework; path = System/Library/Frameworks/QuartzCore.framework; sourceTree = SDKROOT; };
/* End PBXFileReference section */

/* Begin PBXFrameworksBuildPhase section */
		8E52CFE3190C017600E72AEE /* Frameworks */ = {
			isa = PBXFrameworksBuildPhase;
			buildActionMask = 2147483647;
			files = (
				8E52D020190C027A00E72AEE /* QuartzCore.framework in Frameworks */,
				8E52D01E190C023600E72AEE /* AVFoundation.framework in Frameworks */,
				8E52CFEA190C017600E72AEE /* Cocoa.framework in Frameworks */,
			);
			runOnlyForDeploymentPostprocessing = 0;
		};
		8E52D004190C017600E72AEE /* Frameworks */ = {
			isa = PBXFrameworksBuildPhase;
			buildActionMask = 2147483647;
			files = (
				8E52D00A190C017600E72AEE /* Cocoa.framework in Frameworks */,
				8E52D009190C017600E72AEE /* XCTest.framework in Frameworks */,
			);
			runOnlyForDeploymentPostprocessing = 0;
		};
/* End PBXFrameworksBuildPhase section */

/* Begin PBXGroup section */
		8E52CFDD190C017600E72AEE = {
			isa = PBXGroup;
			children = (
				8E52CFEF190C017600E72AEE /* Camera Capture Sample */,
				8E52D00D190C017600E72AEE /* Camera Capture SampleTests */,
				8E52CFE8190C017600E72AEE /* Frameworks */,
				8E52CFE7190C017600E72AEE /* Products */,
			);
			sourceTree = "<group>";
		};
		8E52CFE7190C017600E72AEE /* Products */ = {
			isa = PBXGroup;
			children = (
				8E52CFE6190C017600E72AEE /* Camera Capture Sample.app */,
				8E52D007190C017600E72AEE /* Camera Capture SampleTests.xctest */,
			);
			name = Products;
			sourceTree = "<group>";
		};
		8E52CFE8190C017600E72AEE /* Frameworks */ = {
			isa = PBXGroup;
			children = (
				8E52D01F190C027A00E72AEE /* QuartzCore.framework */,
				8E52D01D190C023600E72AEE /* AVFoundation.framework */,
				8E52CFE9190C017600E72AEE /* Cocoa.framework */,
				8E52D008190C017600E72AEE /* XCTest.framework */,
				8E52CFEB190C017600E72AEE /* Other Frameworks */,
			);
			name = Frameworks;
			sourceTree = "<group>";
		};
		8E52CFEB190C017600E72AEE /* Other Frameworks */ = {
			isa = PBXGroup;
			children = (
				8E52CFEC190C017600E72AEE /* AppKit.framework */,
				8E52CFED190C017600E72AEE /* CoreData.framework */,
				8E52CFEE190C017600E72AEE /* Foundation.framework */,
			);
			name = "Other Frameworks";
			sourceTree = "<group>";
		};
		8E52CFEF190C017600E72AEE /* Camera Capture Sample */ = {
			isa = PBXGroup;
			children = (
				8E52CFFB190C017600E72AEE /* CCSAppDelegate.h */,
				8E52CFFC190C017600E72AEE /* CCSAppDelegate.m */,
				8E52CFFE190C017600E72AEE /* MainMenu.xib */,
				8E52D001190C017600E72AEE /* Images.xcassets */,
				8E52CFF0190C017600E72AEE /* Supporting Files */,
			);
			path = "Camera Capture Sample";
			sourceTree = "<group>";
		};
		8E52CFF0190C017600E72AEE /* Supporting Files */ = {
			isa = PBXGroup;
			children = (
				8E52CFF1190C017600E72AEE /* Camera Capture Sample-Info.plist */,
				8E52CFF2190C017600E72AEE /* InfoPlist.strings */,
				8E52CFF5190C017600E72AEE /* main.m */,
				8E52CFF7190C017600E72AEE /* Camera Capture Sample-Prefix.pch */,
				8E52CFF8190C017600E72AEE /* Credits.rtf */,
			);
			name = "Supporting Files";
			sourceTree = "<group>";
		};
		8E52D00D190C017600E72AEE /* Camera Capture SampleTests */ = {
			isa = PBXGroup;
			children = (
				8E52D013190C017600E72AEE /* Camera_Capture_SampleTests.m */,
				8E52D00E190C017600E72AEE /* Supporting Files */,
			);
			path = "Camera Capture SampleTests";
			sourceTree = "<group>";
		};
		8E52D00E190C017600E72AEE /* Supporting Files */ = {
			isa = PBXGroup;
			children = (
				8E52D00F190C017600E72AEE /* Camera Capture SampleTests-Info.plist */,
				8E52D010190C017600E72AEE /* InfoPlist.strings */,
			);
			name = "Supporting Files";
			sourceTree = "<group>";
		};
/* End PBXGroup section */

/* Begin PBXNativeTarget section */
		8E52CFE5190C017600E72AEE /* Camera Capture Sample */ = {
			isa = PBXNativeTarget;
			buildConfigurationList = 8E52D017190C017600E72AEE /* Build configuration list for PBXNativeTarget "Camera Capture Sample" */;
			buildPhases = (
				8E52CFE2190C017600E72AEE /* Sources */,
				8E52CFE3190C017600E72AEE /* Frameworks */,
				8E52CFE4190C017600E72AEE /* Resources */,
			);
			buildRules = (
			);
			dependencies = (
			);
			name = "Camera Capture Sample";
			productName = "Camera Capture Sample";
			productReference = 8E52CFE6190C017600E72AEE /* Camera Capture Sample.app */;
			productType = "com.apple.product-type.application";
		};
		8E52D006190C017600E72AEE /* Camera Capture SampleTests */ = {
			isa = PBXNativeTarget;
			buildConfigurationList = 8E52D01A190C017600E72AEE /* Build configuration list for PBXNativeTarget "Camera Capture SampleTests" */;
			buildPhases = (
				8E52D003190C017600E72AEE /* Sources */,
				8E52D004190C017600E72AEE /* Frameworks */,
				8E52D005190C017600E72AEE /* Resources */,
			);
			buildRules = (
			);
			dependencies = (
				8E52D00C190C017600E72AEE /* PBXTargetDependency */,
			);
			name = "Camera Capture SampleTests";
			productName = "Camera Capture SampleTests";
			productReference = 8E52D007190C017600E72AEE /* Camera Capture SampleTests.xctest */;
			productType = "com.apple.product-type.bundle.unit-test";
		};
/* End PBXNativeTarget section */

/* Begin PBXProject section */
		8E52CFDE190C017600E72AEE /* Project object */ = {
			isa = PBXProject;
			attributes = {
				CLASSPREFIX = CCS;
				LastUpgradeCheck = 0510;
				ORGANIZATIONNAME = "Sazameki and Satoshi Numata, Ph.D.";
				TargetAttributes = {
					8E52D006190C017600E72AEE = {
						TestTargetID = 8E52CFE5190C017600E72AEE;
					};
				};
			};
			buildConfigurationList = 8E52CFE1190C017600E72AEE /* Build configuration list for PBXProject "Camera Capture Sample" */;
			compatibilityVersion = "Xcode 3.2";
			developmentRegion = English;
			hasScannedForEncodings = 0;
			knownRegions = (
				en,
				Base,
			);
			mainGroup = 8E52CFDD190C017600E72AEE;
			productRefGroup = 8E52CFE7190C017600E72AEE /* Products */;
			projectDirPath = "";
			projectRoot = "";
			targets = (
				8E52CFE5190C017600E72AEE /* Camera Capture Sample */,
				8E52D006190C017600E72AEE /* Camera Capture SampleTests */,
			);
		};
/* End PBXProject section */

/* Begin PBXResourcesBuildPhase section */
		8E52CFE4190C017600E72AEE /* Resources */ = {
			isa = PBXResourcesBuildPhase;
			buildActionMask = 2147483647;
			files = (
				8E52CFF4190C017600E72AEE /* InfoPlist.strings in Resources */,
				8E52D002190C017600E72AEE /* Images.xcassets in Resources */,
				8E52CFFA190C017600E72AEE /* Credits.rtf in Resources */,
				8E52D000190C017600E72AEE /* MainMenu.xib in Resources */,
			);
			runOnlyForDeploymentPostprocessing = 0;
		};
		8E52D005190C017600E72AEE /* Resources */ = {
			isa = PBXResourcesBuildPhase;
			buildActionMask = 2147483647;
			files = (
				8E52D012190C017600E72AEE /* InfoPlist.strings in Resources */,
			);
			runOnlyForDeploymentPostprocessing = 0;
		};
/* End PBXResourcesBuildPhase section */

/* Begin PBXSourcesBuildPhase section */
		8E52CFE2190C017600E72AEE /* Sources */ = {
			isa = PBXSourcesBuildPhase;
			buildActionMask = 2147483647;
			files = (
				8E52CFFD190C017600E72AEE /* CCSAppDelegate.m in Sources */,
				8E52CFF6190C017600E72AEE /* main.m in Sources */,
			);
			runOnlyForDeploymentPostprocessing = 0;
		};
		8E52D003190C017600E72AEE /* Sources */ = {
			isa = PBXSourcesBuildPhase;
			buildActionMask = 2147483647;
			files = (
				8E52D014190C017600E72AEE /* Camera_Capture_SampleTests.m in Sources */,
			);
			runOnlyForDeploymentPostprocessing = 0;
		};
/* End PBXSourcesBuildPhase section */

/* Begin PBXTargetDependency section */
		8E52D00C190C017600E72AEE /* PBXTargetDependency */ = {
			isa = PBXTargetDependency;
			target = 8E52CFE5190C017600E72AEE /* Camera Capture Sample */;
			targetProxy = 8E52D00B190C017600E72AEE /* PBXContainerItemProxy */;
		};
/* End PBXTargetDependency section */

/* Begin PBXVariantGroup section */
		8E52CFF2190C017600E72AEE /* InfoPlist.strings */ = {
			isa = PBXVariantGroup;
			children = (
				8E52CFF3190C017600E72AEE /* en */,
			);
			name = InfoPlist.strings;
			sourceTree = "<group>";
		};
		8E52CFF8190C017600E72AEE /* Credits.rtf */ = {
			isa = PBXVariantGroup;
			children = (
				8E52CFF9190C017600E72AEE /* en */,
			);
			name = Credits.rtf;
			sourceTree = "<group>";
		};
		8E52CFFE190C017600E72AEE /* MainMenu.xib */ = {
			isa = PBXVariantGroup;
			children = (
				8E52CFFF190C017600E72AEE /* Base */,
			);
			name = MainMenu.xib;
			sourceTree = "<group>";
		};
		8E52D010190C017600E72AEE /* InfoPlist.strings */ = {
			isa = PBXVariantGroup;
			children = (
				8E52D011190C017600E72AEE /* en */,
			);
			name = InfoPlist.strings;
			sourceTree = "<group>";
		};
/* End PBXVariantGroup section */

/* Begin XCBuildConfiguration section */
		8E52D015190C017600E72AEE /* Debug */ = {
			isa = XCBuildConfiguration;
			buildSettings = {
				ALWAYS_SEARCH_USER_PATHS = NO;
				CLANG_CXX_LANGUAGE_STANDARD = "gnu++0x";
				CLANG_CXX_LIBRARY = "libc++";
				CLANG_ENABLE_MODULES = YES;
				CLANG_ENABLE_OBJC_ARC = YES;
				CLANG_WARN_BOOL_CONVERSION = YES;
				CLANG_WARN_CONSTANT_CONVERSION = YES;
				CLANG_WARN_DIRECT_OBJC_ISA_USAGE = YES_ERROR;
				CLANG_WARN_EMPTY_BODY = YES;
				CLANG_WARN_ENUM_CONVERSION = YES;
				CLANG_WARN_INT_CONVERSION = YES;
				CLANG_WARN_OBJC_ROOT_CLASS = YES_ERROR;
				CLANG_WARN__DUPLICATE_METHOD_MATCH = YES;
				COPY_PHASE_STRIP = NO;
				GCC_C_LANGUAGE_STANDARD = gnu99;
				GCC_DYNAMIC_NO_PIC = NO;
				GCC_ENABLE_OBJC_EXCEPTIONS = YES;
				GCC_OPTIMIZATION_LEVEL = 0;
				GCC_PREPROCESSOR_DEFINITIONS = (
					"DEBUG=1",
					"$(inherited)",
				);
				GCC_SYMBOLS_PRIVATE_EXTERN = NO;
				GCC_WARN_64_TO_32_BIT_CONVERSION = YES;
				GCC_WARN_ABOUT_RETURN_TYPE = YES_ERROR;
				GCC_WARN_UNDECLARED_SELECTOR = YES;
				GCC_WARN_UNINITIALIZED_AUTOS = YES_AGGRESSIVE;
				GCC_WARN_UNUSED_FUNCTION = YES;
				GCC_WARN_UNUSED_VARIABLE = YES;
				MACOSX_DEPLOYMENT_TARGET = 10.9;
				ONLY_ACTIVE_ARCH = YES;
				SDKROOT = macosx;
			};
			name = Debug;
		};
		8E52D016190C017600E72AEE /* Release */ = {
			isa = XCBuildConfiguration;
			buildSettings = {
				ALWAYS_SEARCH_USER_PATHS = NO;
				CLANG_CXX_LANGUAGE_STANDARD = "gnu++0x";
				CLANG_CXX_LIBRARY = "libc++";
				CLANG_ENABLE_MODULES = YES;
				CLANG_ENABLE_OBJC_ARC = YES;
				CLANG_WARN_BOOL_CONVERSION = YES;
				CLANG_WARN_CONSTANT_CONVERSION = YES;
				CLANG_WARN_DIRECT_OBJC_ISA_USAGE = YES_ERROR;
				CLANG_WARN_EMPTY_BODY = YES;
				CLANG_WARN_ENUM_CONVERSION = YES;
				CLANG_WARN_INT_CONVERSION = YES;
				CLANG_WARN_OBJC_ROOT_CLASS = YES_ERROR;
				CLANG_WARN__DUPLICATE_METHOD_MATCH = YES;
				COPY_PHASE_STRIP = YES;
				DEBUG_INFORMATION_FORMAT = "dwarf-with-dsym";
				ENABLE_NS_ASSERTIONS = NO;
				GCC_C_LANGUAGE_STANDARD = gnu99;
				GCC_ENABLE_OBJC_EXCEPTIONS = YES;
				GCC_WARN_64_TO_32_BIT_CONVERSION = YES;
				GCC_WARN_ABOUT_RETURN_TYPE = YES_ERROR;
				GCC_WARN_UNDECLARED_SELECTOR = YES;
				GCC_WARN_UNINITIALIZED_AUTOS = YES_AGGRESSIVE;
				GCC_WARN_UNUSED_FUNCTION = YES;
				GCC_WARN_UNUSED_VARIABLE = YES;
				MACOSX_DEPLOYMENT_TARGET = 10.9;
				SDKROOT = macosx;
			};
			name = Release;
		};
		8E52D018190C017600E72AEE /* Debug */ = {
			isa = XCBuildConfiguration;
			buildSettings = {
				ASSETCATALOG_COMPILER_APPICON_NAME = AppIcon;
				COMBINE_HIDPI_IMAGES = YES;
				GCC_PRECOMPILE_PREFIX_HEADER = YES;
				GCC_PREFIX_HEADER = "Camera Capture Sample/Camera Capture Sample-Prefix.pch";
				INFOPLIST_FILE = "Camera Capture Sample/Camera Capture Sample-Info.plist";
				PRODUCT_NAME = "$(TARGET_NAME)";
				WRAPPER_EXTENSION = app;
			};
			name = Debug;
		};
		8E52D019190C017600E72AEE /* Release */ = {
			isa = XCBuildConfiguration;
			buildSettings = {
				ASSETCATALOG_COMPILER_APPICON_NAME = AppIcon;
				COMBINE_HIDPI_IMAGES = YES;
				GCC_PRECOMPILE_PREFIX_HEADER = YES;
				GCC_PREFIX_HEADER = "Camera Capture Sample/Camera Capture Sample-Prefix.pch";
				INFOPLIST_FILE = "Camera Capture Sample/Camera Capture Sample-Info.plist";
				PRODUCT_NAME = "$(TARGET_NAME)";
				WRAPPER_EXTENSION = app;
			};
			name = Release;
		};
		8E52D01B190C017600E72AEE /* Debug */ = {
			isa = XCBuildConfiguration;
			buildSettings = {
				BUNDLE_LOADER = "$(BUILT_PRODUCTS_DIR)/Camera Capture Sample.app/Contents/MacOS/Camera Capture Sample";
				COMBINE_HIDPI_IMAGES = YES;
				FRAMEWORK_SEARCH_PATHS = (
					"$(DEVELOPER_FRAMEWORKS_DIR)",
					"$(inherited)",
				);
				GCC_PRECOMPILE_PREFIX_HEADER = YES;
				GCC_PREFIX_HEADER = "Camera Capture Sample/Camera Capture Sample-Prefix.pch";
				GCC_PREPROCESSOR_DEFINITIONS = (
					"DEBUG=1",
					"$(inherited)",
				);
				INFOPLIST_FILE = "Camera Capture SampleTests/Camera Capture SampleTests-Info.plist";
				PRODUCT_NAME = "$(TARGET_NAME)";
				TEST_HOST = "$(BUNDLE_LOADER)";
				WRAPPER_EXTENSION = xctest;
			};
			name = Debug;
		};
		8E52D01C190C017600E72AEE /* Release */ = {
			isa = XCBuildConfiguration;
			buildSettings = {
				BUNDLE_LOADER = "$(BUILT_PRODUCTS_DIR)/Camera Capture Sample.app/Contents/MacOS/Camera Capture Sample";
				COMBINE_HIDPI_IMAGES = YES;
				FRAMEWORK_SEARCH_PATHS = (
					"$(DEVELOPER_FRAMEWORKS_DIR)",
					"$(inherited)",
				);
				GCC_PRECOMPILE_PREFIX_HEADER = YES;
				GCC_PREFIX_HEADER = "Camera Capture Sample/Camera Capture Sample-Prefix.pch";
				INFOPLIST_FILE = "Camera Capture SampleTests/Camera Capture SampleTests-Info.plist";
				PRODUCT_NAME = "$(TARGET_NAME)";
				TEST_HOST = "$(BUNDLE_LOADER)";
				WRAPPER_EXTENSION = xctest;
			};
			name = Release;
		};
/* End XCBuildConfiguration section */

/* Begin XCConfigurationList section */
		8E52CFE1190C017600E72AEE /* Build configuration list for PBXProject "Camera Capture Sample" */ = {
			isa = XCConfigurationList;
			buildConfigurations = (
				8E52D015190C017600E72AEE /* Debug */,
				8E52D016190C017600E72AEE /* Release */,
			);
			defaultConfigurationIsVisible = 0;
			defaultConfigurationName = Release;
		};
		8E52D017190C017600E72AEE /* Build configuration list for PBXNativeTarget "Camera Capture Sample" */ = {
			isa = XCConfigurationList;
			buildConfigurations = (
				8E52D018190C017600E72AEE /* Debug */,
				8E52D019190C017600E72AEE /* Release */,
			);
			defaultConfigurationIsVisible = 0;
		};
		8E52D01A190C017600E72AEE /* Build configuration list for PBXNativeTarget "Camera Capture SampleTests" */ = {
			isa = XCConfigurationList;
			buildConfigurations = (
				8E52D01B190C017600E72AEE /* Debug */,
				8E52D01C190C017600E72AEE /* Release */,
			);
			defaultConfigurationIsVisible = 0;
		};
/* End XCConfigurationList section */
	};
	rootObject = 8E52CFDE190C017600E72AEE /* Project object */;
}
